// !$*UTF8*$!
{
	archiveVersion = 1;
	classes = {
	};
	objectVersion = 56;
	objects = {

/* Begin PBXBuildFile section */
		B223FCE229EAAF2A002CF248 /* ShowResult.swift in Sources */ = {isa = PBXBuildFile; fileRef = B223FCE129EAAF2A002CF248 /* ShowResult.swift */; };
		B223FCE429EAAF78002CF248 /* ShowOponentChoice.swift in Sources */ = {isa = PBXBuildFile; fileRef = B223FCE329EAAF78002CF248 /* ShowOponentChoice.swift */; };
		B223FCE629EAAF93002CF248 /* ArtificialOponentIsThinkingView.swift in Sources */ = {isa = PBXBuildFile; fileRef = B223FCE529EAAF93002CF248 /* ArtificialOponentIsThinkingView.swift */; };
		B223FCE829EAAFD4002CF248 /* MultiPlayerOponentChoiceView.swift in Sources */ = {isa = PBXBuildFile; fileRef = B223FCE729EAAFD4002CF248 /* MultiPlayerOponentChoiceView.swift */; };
		B223FCEA29EAB00C002CF248 /* ChooseView.swift in Sources */ = {isa = PBXBuildFile; fileRef = B223FCE929EAB00C002CF248 /* ChooseView.swift */; };
		B223FCEC29EAB033002CF248 /* ChangeChoiceView.swift in Sources */ = {isa = PBXBuildFile; fileRef = B223FCEB29EAB033002CF248 /* ChangeChoiceView.swift */; };
		B2352EB929E7D07400EA2833 /* RPSApp.swift in Sources */ = {isa = PBXBuildFile; fileRef = B2352EB829E7D07400EA2833 /* RPSApp.swift */; };
		B2352EBB29E7D07400EA2833 /* ContentView.swift in Sources */ = {isa = PBXBuildFile; fileRef = B2352EBA29E7D07400EA2833 /* ContentView.swift */; };
		B2352EBD29E7D07500EA2833 /* Assets.xcassets in Resources */ = {isa = PBXBuildFile; fileRef = B2352EBC29E7D07500EA2833 /* Assets.xcassets */; };
		B2352EC029E7D07500EA2833 /* Preview Assets.xcassets in Resources */ = {isa = PBXBuildFile; fileRef = B2352EBF29E7D07500EA2833 /* Preview Assets.xcassets */; };
		B2352EC729E7D0D700EA2833 /* WelcomePage.swift in Sources */ = {isa = PBXBuildFile; fileRef = B2352EC629E7D0D700EA2833 /* WelcomePage.swift */; };
		B2352EC929E7D15800EA2833 /* Components.swift in Sources */ = {isa = PBXBuildFile; fileRef = B2352EC829E7D15800EA2833 /* Components.swift */; };
		B24EC62E29E7FB320012899F /* PlayerPage.swift in Sources */ = {isa = PBXBuildFile; fileRef = B24EC62D29E7FB320012899F /* PlayerPage.swift */; };
		B2EC052F29E9487B0095F1C6 /* Logic.swift in Sources */ = {isa = PBXBuildFile; fileRef = B2EC052E29E9487B0095F1C6 /* Logic.swift */; };
/* End PBXBuildFile section */

/* Begin PBXFileReference section */
		B223FCE129EAAF2A002CF248 /* ShowResult.swift */ = {isa = PBXFileReference; lastKnownFileType = sourcecode.swift; path = ShowResult.swift; sourceTree = "<group>"; };
		B223FCE329EAAF78002CF248 /* ShowOponentChoice.swift */ = {isa = PBXFileReference; lastKnownFileType = sourcecode.swift; path = ShowOponentChoice.swift; sourceTree = "<group>"; };
		B223FCE529EAAF93002CF248 /* ArtificialOponentIsThinkingView.swift */ = {isa = PBXFileReference; lastKnownFileType = sourcecode.swift; path = ArtificialOponentIsThinkingView.swift; sourceTree = "<group>"; };
		B223FCE729EAAFD4002CF248 /* MultiPlayerOponentChoiceView.swift */ = {isa = PBXFileReference; lastKnownFileType = sourcecode.swift; path = MultiPlayerOponentChoiceView.swift; sourceTree = "<group>"; };
		B223FCE929EAB00C002CF248 /* ChooseView.swift */ = {isa = PBXFileReference; lastKnownFileType = sourcecode.swift; path = ChooseView.swift; sourceTree = "<group>"; };
		B223FCEB29EAB033002CF248 /* ChangeChoiceView.swift */ = {isa = PBXFileReference; lastKnownFileType = sourcecode.swift; path = ChangeChoiceView.swift; sourceTree = "<group>"; };
		B2352EB529E7D07400EA2833 /* RPS.app */ = {isa = PBXFileReference; explicitFileType = wrapper.application; includeInIndex = 0; path = RPS.app; sourceTree = BUILT_PRODUCTS_DIR; };
		B2352EB829E7D07400EA2833 /* RPSApp.swift */ = {isa = PBXFileReference; lastKnownFileType = sourcecode.swift; path = RPSApp.swift; sourceTree = "<group>"; };
		B2352EBA29E7D07400EA2833 /* ContentView.swift */ = {isa = PBXFileReference; lastKnownFileType = sourcecode.swift; path = ContentView.swift; sourceTree = "<group>"; };
		B2352EBC29E7D07500EA2833 /* Assets.xcassets */ = {isa = PBXFileReference; lastKnownFileType = folder.assetcatalog; path = Assets.xcassets; sourceTree = "<group>"; };
		B2352EBF29E7D07500EA2833 /* Preview Assets.xcassets */ = {isa = PBXFileReference; lastKnownFileType = folder.assetcatalog; path = "Preview Assets.xcassets"; sourceTree = "<group>"; };
		B2352EC629E7D0D700EA2833 /* WelcomePage.swift */ = {isa = PBXFileReference; lastKnownFileType = sourcecode.swift; path = WelcomePage.swift; sourceTree = "<group>"; };
		B2352EC829E7D15800EA2833 /* Components.swift */ = {isa = PBXFileReference; lastKnownFileType = sourcecode.swift; path = Components.swift; sourceTree = "<group>"; };
		B24EC62D29E7FB320012899F /* PlayerPage.swift */ = {isa = PBXFileReference; lastKnownFileType = sourcecode.swift; path = PlayerPage.swift; sourceTree = "<group>"; };
		B2EC052E29E9487B0095F1C6 /* Logic.swift */ = {isa = PBXFileReference; lastKnownFileType = sourcecode.swift; path = Logic.swift; sourceTree = "<group>"; };
/* End PBXFileReference section */

/* Begin PBXFrameworksBuildPhase section */
		B2352EB229E7D07400EA2833 /* Frameworks */ = {
			isa = PBXFrameworksBuildPhase;
			buildActionMask = 2147483647;
			files = (
			);
			runOnlyForDeploymentPostprocessing = 0;
		};
/* End PBXFrameworksBuildPhase section */

/* Begin PBXGroup section */
		B2352EAC29E7D07400EA2833 = {
			isa = PBXGroup;
			children = (
				B2352EB729E7D07400EA2833 /* RPS */,
				B2352EB629E7D07400EA2833 /* Products */,
			);
			sourceTree = "<group>";
		};
		B2352EB629E7D07400EA2833 /* Products */ = {
			isa = PBXGroup;
			children = (
				B2352EB529E7D07400EA2833 /* RPS.app */,
			);
			name = Products;
			sourceTree = "<group>";
		};
		B2352EB729E7D07400EA2833 /* RPS */ = {
			isa = PBXGroup;
			children = (
				B2352EB829E7D07400EA2833 /* RPSApp.swift */,
				B223FCE129EAAF2A002CF248 /* ShowResult.swift */,
				B2352EBA29E7D07400EA2833 /* ContentView.swift */,
				B2352EC629E7D0D700EA2833 /* WelcomePage.swift */,
				B2352EC829E7D15800EA2833 /* Components.swift */,
				B24EC62D29E7FB320012899F /* PlayerPage.swift */,
				B2EC052E29E9487B0095F1C6 /* Logic.swift */,
				B223FCE329EAAF78002CF248 /* ShowOponentChoice.swift */,
				B223FCE529EAAF93002CF248 /* ArtificialOponentIsThinkingView.swift */,
				B223FCE729EAAFD4002CF248 /* MultiPlayerOponentChoiceView.swift */,
				B223FCE929EAB00C002CF248 /* ChooseView.swift */,
				B223FCEB29EAB033002CF248 /* ChangeChoiceView.swift */,
				B2352EBC29E7D07500EA2833 /* Assets.xcassets */,
				B2352EBE29E7D07500EA2833 /* Preview Content */,
			);
			path = RPS;
			sourceTree = "<group>";
		};
		B2352EBE29E7D07500EA2833 /* Preview Content */ = {
			isa = PBXGroup;
			children = (
				B2352EBF29E7D07500EA2833 /* Preview Assets.xcassets */,
			);
			path = "Preview Content";
			sourceTree = "<group>";
		};
/* End PBXGroup section */

/* Begin PBXNativeTarget section */
		B2352EB429E7D07400EA2833 /* RPS */ = {
			isa = PBXNativeTarget;
			buildConfigurationList = B2352EC329E7D07500EA2833 /* Build configuration list for PBXNativeTarget "RPS" */;
			buildPhases = (
				B2352EB129E7D07400EA2833 /* Sources */,
				B2352EB229E7D07400EA2833 /* Frameworks */,
				B2352EB329E7D07400EA2833 /* Resources */,
			);
			buildRules = (
			);
			dependencies = (
			);
			name = RPS;
			productName = RPS;
			productReference = B2352EB529E7D07400EA2833 /* RPS.app */;
			productType = "com.apple.product-type.application";
		};
/* End PBXNativeTarget section */

/* Begin PBXProject section */
		B2352EAD29E7D07400EA2833 /* Project object */ = {
			isa = PBXProject;
			attributes = {
				BuildIndependentTargetsInParallel = 1;
				LastSwiftUpdateCheck = 1420;
				LastUpgradeCheck = 1420;
				TargetAttributes = {
					B2352EB429E7D07400EA2833 = {
						CreatedOnToolsVersion = 14.2;
					};
				};
			};
			buildConfigurationList = B2352EB029E7D07400EA2833 /* Build configuration list for PBXProject "RPS" */;
			compatibilityVersion = "Xcode 14.0";
			developmentRegion = en;
			hasScannedForEncodings = 0;
			knownRegions = (
				en,
				Base,
			);
			mainGroup = B2352EAC29E7D07400EA2833;
			productRefGroup = B2352EB629E7D07400EA2833 /* Products */;
			projectDirPath = "";
			projectRoot = "";
			targets = (
				B2352EB429E7D07400EA2833 /* RPS */,
			);
		};
/* End PBXProject section */

/* Begin PBXResourcesBuildPhase section */
		B2352EB329E7D07400EA2833 /* Resources */ = {
			isa = PBXResourcesBuildPhase;
			buildActionMask = 2147483647;
			files = (
				B2352EC029E7D07500EA2833 /* Preview Assets.xcassets in Resources */,
				B2352EBD29E7D07500EA2833 /* Assets.xcassets in Resources */,
			);
			runOnlyForDeploymentPostprocessing = 0;
		};
/* End PBXResourcesBuildPhase section */

/* Begin PBXSourcesBuildPhase section */
		B2352EB129E7D07400EA2833 /* Sources */ = {
			isa = PBXSourcesBuildPhase;
			buildActionMask = 2147483647;
			files = (
				B2352EC729E7D0D700EA2833 /* WelcomePage.swift in Sources */,
				B223FCE429EAAF78002CF248 /* ShowOponentChoice.swift in Sources */,
				B223FCE629EAAF93002CF248 /* ArtificialOponentIsThinkingView.swift in Sources */,
				B24EC62E29E7FB320012899F /* PlayerPage.swift in Sources */,
				B223FCEA29EAB00C002CF248 /* ChooseView.swift in Sources */,
				B2352EC929E7D15800EA2833 /* Components.swift in Sources */,
				B223FCE229EAAF2A002CF248 /* ShowResult.swift in Sources */,
				B2352EBB29E7D07400EA2833 /* ContentView.swift in Sources */,
				B2EC052F29E9487B0095F1C6 /* Logic.swift in Sources */,
				B223FCEC29EAB033002CF248 /* ChangeChoiceView.swift in Sources */,
				B223FCE829EAAFD4002CF248 /* MultiPlayerOponentChoiceView.swift in Sources */,
				B2352EB929E7D07400EA2833 /* RPSApp.swift in Sources */,
			);
			runOnlyForDeploymentPostprocessing = 0;
		};
/* End PBXSourcesBuildPhase section */

/* Begin XCBuildConfiguration section */
		B2352EC129E7D07500EA2833 /* Debug */ = {
			isa = XCBuildConfiguration;
			buildSettings = {
				ALWAYS_SEARCH_USER_PATHS = NO;
				CLANG_ANALYZER_NONNULL = YES;
				CLANG_ANALYZER_NUMBER_OBJECT_CONVERSION = YES_AGGRESSIVE;
				CLANG_CXX_LANGUAGE_STANDARD = "gnu++20";
				CLANG_ENABLE_MODULES = YES;
				CLANG_ENABLE_OBJC_ARC = YES;
				CLANG_ENABLE_OBJC_WEAK = YES;
				CLANG_WARN_BLOCK_CAPTURE_AUTORELEASING = YES;
				CLANG_WARN_BOOL_CONVERSION = YES;
				CLANG_WARN_COMMA = YES;
				CLANG_WARN_CONSTANT_CONVERSION = YES;
				CLANG_WARN_DEPRECATED_OBJC_IMPLEMENTATIONS = YES;
				CLANG_WARN_DIRECT_OBJC_ISA_USAGE = YES_ERROR;
				CLANG_WARN_DOCUMENTATION_COMMENTS = YES;
				CLANG_WARN_EMPTY_BODY = YES;
				CLANG_WARN_ENUM_CONVERSION = YES;
				CLANG_WARN_INFINITE_RECURSION = YES;
				CLANG_WARN_INT_CONVERSION = YES;
				CLANG_WARN_NON_LITERAL_NULL_CONVERSION = YES;
				CLANG_WARN_OBJC_IMPLICIT_RETAIN_SELF = YES;
				CLANG_WARN_OBJC_LITERAL_CONVERSION = YES;
				CLANG_WARN_OBJC_ROOT_CLASS = YES_ERROR;
				CLANG_WARN_QUOTED_INCLUDE_IN_FRAMEWORK_HEADER = YES;
				CLANG_WARN_RANGE_LOOP_ANALYSIS = YES;
				CLANG_WARN_STRICT_PROTOTYPES = YES;
				CLANG_WARN_SUSPICIOUS_MOVE = YES;
				CLANG_WARN_UNGUARDED_AVAILABILITY = YES_AGGRESSIVE;
				CLANG_WARN_UNREACHABLE_CODE = YES;
				CLANG_WARN__DUPLICATE_METHOD_MATCH = YES;
				COPY_PHASE_STRIP = NO;
				DEBUG_INFORMATION_FORMAT = dwarf;
				ENABLE_STRICT_OBJC_MSGSEND = YES;
				ENABLE_TESTABILITY = YES;
				GCC_C_LANGUAGE_STANDARD = gnu11;
				GCC_DYNAMIC_NO_PIC = NO;
				GCC_NO_COMMON_BLOCKS = YES;
				GCC_OPTIMIZATION_LEVEL = 0;
				GCC_PREPROCESSOR_DEFINITIONS = (
					"DEBUG=1",
					"$(inherited)",
				);
				GCC_WARN_64_TO_32_BIT_CONVERSION = YES;
				GCC_WARN_ABOUT_RETURN_TYPE = YES_ERROR;
				GCC_WARN_UNDECLARED_SELECTOR = YES;
				GCC_WARN_UNINITIALIZED_AUTOS = YES_AGGRESSIVE;
				GCC_WARN_UNUSED_FUNCTION = YES;
				GCC_WARN_UNUSED_VARIABLE = YES;
				IPHONEOS_DEPLOYMENT_TARGET = 16.2;
				MTL_ENABLE_DEBUG_INFO = INCLUDE_SOURCE;
				MTL_FAST_MATH = YES;
				ONLY_ACTIVE_ARCH = YES;
				SDKROOT = iphoneos;
				SWIFT_ACTIVE_COMPILATION_CONDITIONS = DEBUG;
				SWIFT_OPTIMIZATION_LEVEL = "-Onone";
			};
			name = Debug;
		};
		B2352EC229E7D07500EA2833 /* Release */ = {
			isa = XCBuildConfiguration;
			buildSettings = {
				ALWAYS_SEARCH_USER_PATHS = NO;
				CLANG_ANALYZER_NONNULL = YES;
				CLANG_ANALYZER_NUMBER_OBJECT_CONVERSION = YES_AGGRESSIVE;
				CLANG_CXX_LANGUAGE_STANDARD = "gnu++20";
				CLANG_ENABLE_MODULES = YES;
				CLANG_ENABLE_OBJC_ARC = YES;
				CLANG_ENABLE_OBJC_WEAK = YES;
				CLANG_WARN_BLOCK_CAPTURE_AUTORELEASING = YES;
				CLANG_WARN_BOOL_CONVERSION = YES;
				CLANG_WARN_COMMA = YES;
				CLANG_WARN_CONSTANT_CONVERSION = YES;
				CLANG_WARN_DEPRECATED_OBJC_IMPLEMENTATIONS = YES;
				CLANG_WARN_DIRECT_OBJC_ISA_USAGE = YES_ERROR;
				CLANG_WARN_DOCUMENTATION_COMMENTS = YES;
				CLANG_WARN_EMPTY_BODY = YES;
				CLANG_WARN_ENUM_CONVERSION = YES;
				CLANG_WARN_INFINITE_RECURSION = YES;
				CLANG_WARN_INT_CONVERSION = YES;
				CLANG_WARN_NON_LITERAL_NULL_CONVERSION = YES;
				CLANG_WARN_OBJC_IMPLICIT_RETAIN_SELF = YES;
				CLANG_WARN_OBJC_LITERAL_CONVERSION = YES;
				CLANG_WARN_OBJC_ROOT_CLASS = YES_ERROR;
				CLANG_WARN_QUOTED_INCLUDE_IN_FRAMEWORK_HEADER = YES;
				CLANG_WARN_RANGE_LOOP_ANALYSIS = YES;
				CLANG_WARN_STRICT_PROTOTYPES = YES;
				CLANG_WARN_SUSPICIOUS_MOVE = YES;
				CLANG_WARN_UNGUARDED_AVAILABILITY = YES_AGGRESSIVE;
				CLANG_WARN_UNREACHABLE_CODE = YES;
				CLANG_WARN__DUPLICATE_METHOD_MATCH = YES;
				COPY_PHASE_STRIP = NO;
				DEBUG_INFORMATION_FORMAT = "dwarf-with-dsym";
				ENABLE_NS_ASSERTIONS = NO;
				ENABLE_STRICT_OBJC_MSGSEND = YES;
				GCC_C_LANGUAGE_STANDARD = gnu11;
				GCC_NO_COMMON_BLOCKS = YES;
				GCC_WARN_64_TO_32_BIT_CONVERSION = YES;
				GCC_WARN_ABOUT_RETURN_TYPE = YES_ERROR;
				GCC_WARN_UNDECLARED_SELECTOR = YES;
				GCC_WARN_UNINITIALIZED_AUTOS = YES_AGGRESSIVE;
				GCC_WARN_UNUSED_FUNCTION = YES;
				GCC_WARN_UNUSED_VARIABLE = YES;
				IPHONEOS_DEPLOYMENT_TARGET = 16.2;
				MTL_ENABLE_DEBUG_INFO = NO;
				MTL_FAST_MATH = YES;
				SDKROOT = iphoneos;
				SWIFT_COMPILATION_MODE = wholemodule;
				SWIFT_OPTIMIZATION_LEVEL = "-O";
				VALIDATE_PRODUCT = YES;
			};
			name = Release;
		};
		B2352EC429E7D07500EA2833 /* Debug */ = {
			isa = XCBuildConfiguration;
			buildSettings = {
				ASSETCATALOG_COMPILER_APPICON_NAME = AppIcon;
				ASSETCATALOG_COMPILER_GLOBAL_ACCENT_COLOR_NAME = AccentColor;
				CODE_SIGN_STYLE = Automatic;
				CURRENT_PROJECT_VERSION = 1;
				DEVELOPMENT_ASSET_PATHS = "\"RPS/Preview Content\"";
				DEVELOPMENT_TEAM = M7T56VBGF8;
				ENABLE_PREVIEWS = YES;
				GENERATE_INFOPLIST_FILE = YES;
				INFOPLIST_KEY_UIApplicationSceneManifest_Generation = YES;
				INFOPLIST_KEY_UIApplicationSupportsIndirectInputEvents = YES;
				INFOPLIST_KEY_UILaunchScreen_Generation = YES;
				INFOPLIST_KEY_UISupportedInterfaceOrientations_iPad = "UIInterfaceOrientationPortrait UIInterfaceOrientationPortraitUpsideDown UIInterfaceOrientationLandscapeLeft UIInterfaceOrientationLandscapeRight";
				INFOPLIST_KEY_UISupportedInterfaceOrientations_iPhone = "UIInterfaceOrientationPortrait UIInterfaceOrientationLandscapeLeft UIInterfaceOrientationLandscapeRight";
				LD_RUNPATH_SEARCH_PATHS = (
					"$(inherited)",
					"@executable_path/Frameworks",
				);
				MARKETING_VERSION = 1.0;
				PRODUCT_BUNDLE_IDENTIFIER = com.turysbay.RPS;
				PRODUCT_NAME = "$(TARGET_NAME)";
				SWIFT_EMIT_LOC_STRINGS = YES;
				SWIFT_VERSION = 5.0;
				TARGETED_DEVICE_FAMILY = "1,2";
			};
			name = Debug;
		};
		B2352EC529E7D07500EA2833 /* Release */ = {
			isa = XCBuildConfiguration;
			buildSettings = {
				ASSETCATALOG_COMPILER_APPICON_NAME = AppIcon;
				ASSETCATALOG_COMPILER_GLOBAL_ACCENT_COLOR_NAME = AccentColor;
				CODE_SIGN_STYLE = Automatic;
				CURRENT_PROJECT_VERSION = 1;
				DEVELOPMENT_ASSET_PATHS = "\"RPS/Preview Content\"";
				DEVELOPMENT_TEAM = M7T56VBGF8;
				ENABLE_PREVIEWS = YES;
				GENERATE_INFOPLIST_FILE = YES;
				INFOPLIST_KEY_UIApplicationSceneManifest_Generation = YES;
				INFOPLIST_KEY_UIApplicationSupportsIndirectInputEvents = YES;
				INFOPLIST_KEY_UILaunchScreen_Generation = YES;
				INFOPLIST_KEY_UISupportedInterfaceOrientations_iPad = "UIInterfaceOrientationPortrait UIInterfaceOrientationPortraitUpsideDown UIInterfaceOrientationLandscapeLeft UIInterfaceOrientationLandscapeRight";
				INFOPLIST_KEY_UISupportedInterfaceOrientations_iPhone = "UIInterfaceOrientationPortrait UIInterfaceOrientationLandscapeLeft UIInterfaceOrientationLandscapeRight";
				LD_RUNPATH_SEARCH_PATHS = (
					"$(inherited)",
					"@executable_path/Frameworks",
				);
				MARKETING_VERSION = 1.0;
				PRODUCT_BUNDLE_IDENTIFIER = com.turysbay.RPS;
				PRODUCT_NAME = "$(TARGET_NAME)";
				SWIFT_EMIT_LOC_STRINGS = YES;
				SWIFT_VERSION = 5.0;
				TARGETED_DEVICE_FAMILY = "1,2";
			};
			name = Release;
		};
/* End XCBuildConfiguration section */

/* Begin XCConfigurationList section */
		B2352EB029E7D07400EA2833 /* Build configuration list for PBXProject "RPS" */ = {
			isa = XCConfigurationList;
			buildConfigurations = (
				B2352EC129E7D07500EA2833 /* Debug */,
				B2352EC229E7D07500EA2833 /* Release */,
			);
			defaultConfigurationIsVisible = 0;
			defaultConfigurationName = Release;
		};
		B2352EC329E7D07500EA2833 /* Build configuration list for PBXNativeTarget "RPS" */ = {
			isa = XCConfigurationList;
			buildConfigurations = (
				B2352EC429E7D07500EA2833 /* Debug */,
				B2352EC529E7D07500EA2833 /* Release */,
			);
			defaultConfigurationIsVisible = 0;
			defaultConfigurationName = Release;
		};
/* End XCConfigurationList section */
	};
	rootObject = B2352EAD29E7D07400EA2833 /* Project object */;
}
